
Microsoft Visual Studio Solution File, Format Version 12.00
# Visual Studio Version 16
VisualStudioVersion = 16.0.28922.388
MinimumVisualStudioVersion = 10.0.40219.1
Project("{FAE04EC0-301F-11D3-BF4B-00C04F79EFBC}") = "VAG_FRF_Extractor", "VAG_FRF_Extractor.csproj", "{371E4EC1-A1A7-4ABB-B91D-FF617848061B}"
EndProject
Global
	GlobalSection(SolutionConfigurationPlatforms) = preSolution
		Debug|Any CPU = Debug|Any CPU
		Release|Any CPU = Release|Any CPU
	EndGlobalSection
	GlobalSection(ProjectConfigurationPlatforms) = postSolution
		{371E4EC1-A1A7-4ABB-B91D-FF617848061B}.Debug|Any CPU.ActiveCfg = Debug|Any CPU
		{371E4EC1-A1A7-4ABB-B91D-FF617848061B}.Debug|Any CPU.Build.0 = Debug|Any CPU
		{371E4EC1-A1A7-4ABB-B91D-FF617848061B}.Release|Any CPU.ActiveCfg = Release|Any CPU
		{371E4EC1-A1A7-4ABB-B91D-FF617848061B}.Release|Any CPU.Build.0 = Release|Any CPU
	EndGlobalSection
	GlobalSection(SolutionProperties) = preSolution
		HideSolutionNode = FALSE
	EndGlobalSection
	GlobalSection(ExtensibilityGlobals) = postSolution
		SolutionGuid = {8D9BB058-91F1-4575-870D-D0163ADECDF9}
	EndGlobalSection
EndGlobal
